
Microsoft Visual Studio Solution File, Format Version 12.00
# Visual Studio 15
VisualStudioVersion = 15.0.27130.2026
MinimumVisualStudioVersion = 10.0.40219.1
Project("{FAE04EC0-301F-11D3-BF4B-00C04F79EFBC}") = "MvcMovie1", "MvcMovie1\MvcMovie1.csproj", "{03E65A62-492C-4DC9-9158-9424BBD5CA39}"
EndProject
Global
	GlobalSection(SolutionConfigurationPlatforms) = preSolution
		Debug|Any CPU = Debug|Any CPU
		Release|Any CPU = Release|Any CPU
	EndGlobalSection
	GlobalSection(ProjectConfigurationPlatforms) = postSolution
		{03E65A62-492C-4DC9-9158-9424BBD5CA39}.Debug|Any CPU.ActiveCfg = Debug|Any CPU
		{03E65A62-492C-4DC9-9158-9424BBD5CA39}.Debug|Any CPU.Build.0 = Debug|Any CPU
		{03E65A62-492C-4DC9-9158-9424BBD5CA39}.Release|Any CPU.ActiveCfg = Release|Any CPU
		{03E65A62-492C-4DC9-9158-9424BBD5CA39}.Release|Any CPU.Build.0 = Release|Any CPU
	EndGlobalSection
	GlobalSection(SolutionProperties) = preSolution
		HideSolutionNode = FALSE
	EndGlobalSection
	GlobalSection(ExtensibilityGlobals) = postSolution
		SolutionGuid = {48F95B9F-C0F3-4B5C-B64F-B26F401BCB08}
	EndGlobalSection
EndGlobal
